
Microsoft Visual Studio Solution File, Format Version 12.00
# Visual Studio 15
VisualStudioVersion = 15.0.28010.2041
MinimumVisualStudioVersion = 10.0.40219.1
Project("{FAE04EC0-301F-11D3-BF4B-00C04F79EFBC}") = "DII", "DII\DII.csproj", "{553EE94F-A0B9-4C66-8213-6D4645000426}"
EndProject
Global
	GlobalSection(SolutionConfigurationPlatforms) = preSolution
		Debug|Any CPU = Debug|Any CPU
		Release|Any CPU = Release|Any CPU
	EndGlobalSection
	GlobalSection(ProjectConfigurationPlatforms) = postSolution
		{553EE94F-A0B9-4C66-8213-6D4645000426}.Debug|Any CPU.ActiveCfg = Debug|Any CPU
		{553EE94F-A0B9-4C66-8213-6D4645000426}.Debug|Any CPU.Build.0 = Debug|Any CPU
		{553EE94F-A0B9-4C66-8213-6D4645000426}.Release|Any CPU.ActiveCfg = Release|Any CPU
		{553EE94F-A0B9-4C66-8213-6D4645000426}.Release|Any CPU.Build.0 = Release|Any CPU
	EndGlobalSection
	GlobalSection(SolutionProperties) = preSolution
		HideSolutionNode = FALSE
	EndGlobalSection
	GlobalSection(ExtensibilityGlobals) = postSolution
		SolutionGuid = {4EE9D2BE-E268-4AAC-9558-349B5D22BC53}
	EndGlobalSection
EndGlobal
